
Microsoft Visual Studio Solution File, Format Version 12.00
# Visual Studio Version 16
VisualStudioVersion = 16.0.31205.134
MinimumVisualStudioVersion = 10.0.40219.1
Project("{FAE04EC0-301F-11D3-BF4B-00C04F79EFBC}") = "ProjectCarsAndManufacturers2", "ProjectCarsAndManufacturers2.csproj", "{02B294F6-983A-41CE-BCB6-A2A98EBAA7CE}"
EndProject
Global
	GlobalSection(SolutionConfigurationPlatforms) = preSolution
		Debug|Any CPU = Debug|Any CPU
		Release|Any CPU = Release|Any CPU
	EndGlobalSection
	GlobalSection(ProjectConfigurationPlatforms) = postSolution
		{02B294F6-983A-41CE-BCB6-A2A98EBAA7CE}.Debug|Any CPU.ActiveCfg = Debug|Any CPU
		{02B294F6-983A-41CE-BCB6-A2A98EBAA7CE}.Debug|Any CPU.Build.0 = Debug|Any CPU
		{02B294F6-983A-41CE-BCB6-A2A98EBAA7CE}.Release|Any CPU.ActiveCfg = Release|Any CPU
		{02B294F6-983A-41CE-BCB6-A2A98EBAA7CE}.Release|Any CPU.Build.0 = Release|Any CPU
	EndGlobalSection
	GlobalSection(SolutionProperties) = preSolution
		HideSolutionNode = FALSE
	EndGlobalSection
	GlobalSection(ExtensibilityGlobals) = postSolution
		SolutionGuid = {665E7307-6AAF-4CF1-9AC6-F86413C35D85}
	EndGlobalSection
EndGlobal
